// !$*UTF8*$!
{
	archiveVersion = 1;
	classes = {
	};
	objectVersion = 46;
	objects = {

/* Begin PBXBuildFile section */
		A73804371BDEC353004AEDA0 /* Assets.xcassets in Resources */ = {isa = PBXBuildFile; fileRef = A73804361BDEC353004AEDA0 /* Assets.xcassets */; };
		A7C05F4C1BDE79250001E7CB /* main.m in Sources */ = {isa = PBXBuildFile; fileRef = A7C05F4B1BDE79250001E7CB /* main.m */; };
		A7C05F4F1BDE79250001E7CB /* AppDelegate.m in Sources */ = {isa = PBXBuildFile; fileRef = A7C05F4E1BDE79250001E7CB /* AppDelegate.m */; };
		A7C05F521BDE79250001E7CB /* ViewController.m in Sources */ = {isa = PBXBuildFile; fileRef = A7C05F511BDE79250001E7CB /* ViewController.m */; };
		A7C05F551BDE79250001E7CB /* Main.storyboard in Resources */ = {isa = PBXBuildFile; fileRef = A7C05F531BDE79250001E7CB /* Main.storyboard */; };
		A7C05F5A1BDE79250001E7CB /* LaunchScreen.storyboard in Resources */ = {isa = PBXBuildFile; fileRef = A7C05F581BDE79250001E7CB /* LaunchScreen.storyboard */; };
/* End PBXBuildFile section */

/* Begin PBXFileReference section */
		A73804361BDEC353004AEDA0 /* Assets.xcassets */ = {isa = PBXFileReference; lastKnownFileType = folder.assetcatalog; path = Assets.xcassets; sourceTree = "<group>"; };
		A7C05F471BDE79250001E7CB /* HideTableDemo.app */ = {isa = PBXFileReference; explicitFileType = wrapper.application; includeInIndex = 0; path = HideTableDemo.app; sourceTree = BUILT_PRODUCTS_DIR; };
		A7C05F4B1BDE79250001E7CB /* main.m */ = {isa = PBXFileReference; lastKnownFileType = sourcecode.c.objc; path = main.m; sourceTree = "<group>"; };
		A7C05F4D1BDE79250001E7CB /* AppDelegate.h */ = {isa = PBXFileReference; lastKnownFileType = sourcecode.c.h; path = AppDelegate.h; sourceTree = "<group>"; };
		A7C05F4E1BDE79250001E7CB /* AppDelegate.m */ = {isa = PBXFileReference; lastKnownFileType = sourcecode.c.objc; path = AppDelegate.m; sourceTree = "<group>"; };
		A7C05F501BDE79250001E7CB /* ViewController.h */ = {isa = PBXFileReference; lastKnownFileType = sourcecode.c.h; path = ViewController.h; sourceTree = "<group>"; };
		A7C05F511BDE79250001E7CB /* ViewController.m */ = {isa = PBXFileReference; lastKnownFileType = sourcecode.c.objc; path = ViewController.m; sourceTree = "<group>"; };
		A7C05F541BDE79250001E7CB /* Base */ = {isa = PBXFileReference; lastKnownFileType = file.storyboard; name = Base; path = Base.lproj/Main.storyboard; sourceTree = "<group>"; };
		A7C05F591BDE79250001E7CB /* Base */ = {isa = PBXFileReference; lastKnownFileType = file.storyboard; name = Base; path = Base.lproj/LaunchScreen.storyboard; sourceTree = "<group>"; };
		A7C05F5B1BDE79250001E7CB /* Info.plist */ = {isa = PBXFileReference; lastKnownFileType = text.plist.xml; path = Info.plist; sourceTree = "<group>"; };
/* End PBXFileReference section */

/* Begin PBXFrameworksBuildPhase section */
		A7C05F441BDE79250001E7CB /* Frameworks */ = {
			isa = PBXFrameworksBuildPhase;
			buildActionMask = 2147483647;
			files = (
			);
			runOnlyForDeploymentPostprocessing = 0;
		};
/* End PBXFrameworksBuildPhase section */

/* Begin PBXGroup section */
		A7C05F3E1BDE79250001E7CB = {
			isa = PBXGroup;
			children = (
				A7C05F491BDE79250001E7CB /* HideTableDemo */,
				A7C05F481BDE79250001E7CB /* Products */,
			);
			sourceTree = "<group>";
		};
		A7C05F481BDE79250001E7CB /* Products */ = {
			isa = PBXGroup;
			children = (
				A7C05F471BDE79250001E7CB /* HideTableDemo.app */,
			);
			name = Products;
			sourceTree = "<group>";
		};
		A7C05F491BDE79250001E7CB /* HideTableDemo */ = {
			isa = PBXGroup;
			children = (
				A7C05F4D1BDE79250001E7CB /* AppDelegate.h */,
				A7C05F4E1BDE79250001E7CB /* AppDelegate.m */,
				A7C05F501BDE79250001E7CB /* ViewController.h */,
				A7C05F511BDE79250001E7CB /* ViewController.m */,
				A7C05F531BDE79250001E7CB /* Main.storyboard */,
				A7C05F581BDE79250001E7CB /* LaunchScreen.storyboard */,
				A73804361BDEC353004AEDA0 /* Assets.xcassets */,
				A7C05F5B1BDE79250001E7CB /* Info.plist */,
				A7C05F4A1BDE79250001E7CB /* Supporting Files */,
			);
			path = HideTableDemo;
			sourceTree = "<group>";
		};
		A7C05F4A1BDE79250001E7CB /* Supporting Files */ = {
			isa = PBXGroup;
			children = (
				A7C05F4B1BDE79250001E7CB /* main.m */,
			);
			name = "Supporting Files";
			sourceTree = "<group>";
		};
/* End PBXGroup section */

/* Begin PBXNativeTarget section */
		A7C05F461BDE79250001E7CB /* HideTableDemo */ = {
			isa = PBXNativeTarget;
			buildConfigurationList = A7C05F5E1BDE79250001E7CB /* Build configuration list for PBXNativeTarget "HideTableDemo" */;
			buildPhases = (
				A7C05F431BDE79250001E7CB /* Sources */,
				A7C05F441BDE79250001E7CB /* Frameworks */,
				A7C05F451BDE79250001E7CB /* Resources */,
			);
			buildRules = (
			);
			dependencies = (
			);
			name = HideTableDemo;
			productName = HideTableDemo;
			productReference = A7C05F471BDE79250001E7CB /* HideTableDemo.app */;
			productType = "com.apple.product-type.application";
		};
/* End PBXNativeTarget section */

/* Begin PBXProject section */
		A7C05F3F1BDE79250001E7CB /* Project object */ = {
			isa = PBXProject;
			attributes = {
				LastUpgradeCheck = 0710;
				ORGANIZATIONNAME = "Retrieve LLC";
				TargetAttributes = {
					A7C05F461BDE79250001E7CB = {
						CreatedOnToolsVersion = 7.1;
					};
				};
			};
			buildConfigurationList = A7C05F421BDE79250001E7CB /* Build configuration list for PBXProject "HideTableDemo" */;
			compatibilityVersion = "Xcode 3.2";
			developmentRegion = English;
			hasScannedForEncodings = 0;
			knownRegions = (
				en,
				Base,
			);
			mainGroup = A7C05F3E1BDE79250001E7CB;
			productRefGroup = A7C05F481BDE79250001E7CB /* Products */;
			projectDirPath = "";
			projectRoot = "";
			targets = (
				A7C05F461BDE79250001E7CB /* HideTableDemo */,
			);
		};
/* End PBXProject section */

/* Begin PBXResourcesBuildPhase section */
		A7C05F451BDE79250001E7CB /* Resources */ = {
			isa = PBXResourcesBuildPhase;
			buildActionMask = 2147483647;
			files = (
				A7C05F5A1BDE79250001E7CB /* LaunchScreen.storyboard in Resources */,
				A73804371BDEC353004AEDA0 /* Assets.xcassets in Resources */,
				A7C05F551BDE79250001E7CB /* Main.storyboard in Resources */,
			);
			runOnlyForDeploymentPostprocessing = 0;
		};
/* End PBXResourcesBuildPhase section */

/* Begin PBXSourcesBuildPhase section */
		A7C05F431BDE79250001E7CB /* Sources */ = {
			isa = PBXSourcesBuildPhase;
			buildActionMask = 2147483647;
			files = (
				A7C05F521BDE79250001E7CB /* ViewController.m in Sources */,
				A7C05F4F1BDE79250001E7CB /* AppDelegate.m in Sources */,
				A7C05F4C1BDE79250001E7CB /* main.m in Sources */,
			);
			runOnlyForDeploymentPostprocessing = 0;
		};
/* End PBXSourcesBuildPhase section */

/* Begin PBXVariantGroup section */
		A7C05F531BDE79250001E7CB /* Main.storyboard */ = {
			isa = PBXVariantGroup;
			children = (
				A7C05F541BDE79250001E7CB /* Base */,
			);
			name = Main.storyboard;
			sourceTree = "<group>";
		};
		A7C05F581BDE79250001E7CB /* LaunchScreen.storyboard */ = {
			isa = PBXVariantGroup;
			children = (
				A7C05F591BDE79250001E7CB /* Base */,
			);
			name = LaunchScreen.storyboard;
			sourceTree = "<group>";
		};
/* End PBXVariantGroup section */

/* Begin XCBuildConfiguration section */
		A7C05F5C1BDE79250001E7CB /* Debug */ = {
			isa = XCBuildConfiguration;
			buildSettings = {
				ALWAYS_SEARCH_USER_PATHS = NO;
				CLANG_CXX_LANGUAGE_STANDARD = "gnu++0x";
				CLANG_CXX_LIBRARY = "libc++";
				CLANG_ENABLE_MODULES = YES;
				CLANG_ENABLE_OBJC_ARC = YES;
				CLANG_WARN_BOOL_CONVERSION = YES;
				CLANG_WARN_CONSTANT_CONVERSION = YES;
				CLANG_WARN_DIRECT_OBJC_ISA_USAGE = YES_ERROR;
				CLANG_WARN_EMPTY_BODY = YES;
				CLANG_WARN_ENUM_CONVERSION = YES;
				CLANG_WARN_INT_CONVERSION = YES;
				CLANG_WARN_OBJC_ROOT_CLASS = YES_ERROR;
				CLANG_WARN_UNREACHABLE_CODE = YES;
				CLANG_WARN__DUPLICATE_METHOD_MATCH = YES;
				"CODE_SIGN_IDENTITY[sdk=iphoneos*]" = "iPhone Developer";
				COPY_PHASE_STRIP = NO;
				DEBUG_INFORMATION_FORMAT = dwarf;
				ENABLE_STRICT_OBJC_MSGSEND = YES;
				ENABLE_TESTABILITY = YES;
				GCC_C_LANGUAGE_STANDARD = gnu99;
				GCC_DYNAMIC_NO_PIC = NO;
				GCC_NO_COMMON_BLOCKS = YES;
				GCC_OPTIMIZATION_LEVEL = 0;
				GCC_PREPROCESSOR_DEFINITIONS = (
					"DEBUG=1",
					"$(inherited)",
				);
				GCC_WARN_64_TO_32_BIT_CONVERSION = YES;
				GCC_WARN_ABOUT_RETURN_TYPE = YES_ERROR;
				GCC_WARN_UNDECLARED_SELECTOR = YES;
				GCC_WARN_UNINITIALIZED_AUTOS = YES_AGGRESSIVE;
				GCC_WARN_UNUSED_FUNCTION = YES;
				GCC_WARN_UNUSED_VARIABLE = YES;
				IPHONEOS_DEPLOYMENT_TARGET = 9.1;
				MTL_ENABLE_DEBUG_INFO = YES;
				ONLY_ACTIVE_ARCH = YES;
				SDKROOT = iphoneos;
				TARGETED_DEVICE_FAMILY = "1,2";
			};
			name = Debug;
		};
		A7C05F5D1BDE79250001E7CB /* Release */ = {
			isa = XCBuildConfiguration;
			buildSettings = {
				ALWAYS_SEARCH_USER_PATHS = NO;
				CLANG_CXX_LANGUAGE_STANDARD = "gnu++0x";
				CLANG_CXX_LIBRARY = "libc++";
				CLANG_ENABLE_MODULES = YES;
				CLANG_ENABLE_OBJC_ARC = YES;
				CLANG_WARN_BOOL_CONVERSION = YES;
				CLANG_WARN_CONSTANT_CONVERSION = YES;
				CLANG_WARN_DIRECT_OBJC_ISA_USAGE = YES_ERROR;
				CLANG_WARN_EMPTY_BODY = YES;
				CLANG_WARN_ENUM_CONVERSION = YES;
				CLANG_WARN_INT_CONVERSION = YES;
				CLANG_WARN_OBJC_ROOT_CLASS = YES_ERROR;
				CLANG_WARN_UNREACHABLE_CODE = YES;
				CLANG_WARN__DUPLICATE_METHOD_MATCH = YES;
				"CODE_SIGN_IDENTITY[sdk=iphoneos*]" = "iPhone Developer";
				COPY_PHASE_STRIP = NO;
				DEBUG_INFORMATION_FORMAT = "dwarf-with-dsym";
				ENABLE_NS_ASSERTIONS = NO;
				ENABLE_STRICT_OBJC_MSGSEND = YES;
				GCC_C_LANGUAGE_STANDARD = gnu99;
				GCC_NO_COMMON_BLOCKS = YES;
				GCC_WARN_64_TO_32_BIT_CONVERSION = YES;
				GCC_WARN_ABOUT_RETURN_TYPE = YES_ERROR;
				GCC_WARN_UNDECLARED_SELECTOR = YES;
				GCC_WARN_UNINITIALIZED_AUTOS = YES_AGGRESSIVE;
				GCC_WARN_UNUSED_FUNCTION = YES;
				GCC_WARN_UNUSED_VARIABLE = YES;
				IPHONEOS_DEPLOYMENT_TARGET = 9.1;
				MTL_ENABLE_DEBUG_INFO = NO;
				SDKROOT = iphoneos;
				TARGETED_DEVICE_FAMILY = "1,2";
				VALIDATE_PRODUCT = YES;
			};
			name = Release;
		};
		A7C05F5F1BDE79250001E7CB /* Debug */ = {
			isa = XCBuildConfiguration;
			buildSettings = {
				ASSETCATALOG_COMPILER_APPICON_NAME = AppIcon;
				INFOPLIST_FILE = HideTableDemo/Info.plist;
				LD_RUNPATH_SEARCH_PATHS = "$(inherited) @executable_path/Frameworks";
				PRODUCT_BUNDLE_IDENTIFIER = com.retrieve.www.HideTableDemo;
				PRODUCT_NAME = "$(TARGET_NAME)";
			};
			name = Debug;
		};
		A7C05F601BDE79250001E7CB /* Release */ = {
			isa = XCBuildConfiguration;
			buildSettings = {
				ASSETCATALOG_COMPILER_APPICON_NAME = AppIcon;
				INFOPLIST_FILE = HideTableDemo/Info.plist;
				LD_RUNPATH_SEARCH_PATHS = "$(inherited) @executable_path/Frameworks";
				PRODUCT_BUNDLE_IDENTIFIER = com.retrieve.www.HideTableDemo;
				PRODUCT_NAME = "$(TARGET_NAME)";
			};
			name = Release;
		};
/* End XCBuildConfiguration section */

/* Begin XCConfigurationList section */
		A7C05F421BDE79250001E7CB /* Build configuration list for PBXProject "HideTableDemo" */ = {
			isa = XCConfigurationList;
			buildConfigurations = (
				A7C05F5C1BDE79250001E7CB /* Debug */,
				A7C05F5D1BDE79250001E7CB /* Release */,
			);
			defaultConfigurationIsVisible = 0;
			defaultConfigurationName = Release;
		};
		A7C05F5E1BDE79250001E7CB /* Build configuration list for PBXNativeTarget "HideTableDemo" */ = {
			isa = XCConfigurationList;
			buildConfigurations = (
				A7C05F5F1BDE79250001E7CB /* Debug */,
				A7C05F601BDE79250001E7CB /* Release */,
			);
			defaultConfigurationIsVisible = 0;
			defaultConfigurationName = Release;
		};
/* End XCConfigurationList section */
	};
	rootObject = A7C05F3F1BDE79250001E7CB /* Project object */;
}
